
Microsoft Visual Studio Solution File, Format Version 12.00
# Visual Studio Version 17
VisualStudioVersion = 17.6.33829.357
MinimumVisualStudioVersion = 10.0.40219.1
Project("{2150E333-8FDC-42A3-9474-1A3956D46DE8}") = "FrontEnd", "FrontEnd", "{A84294F1-8633-4041-802C-10F5A056BD75}"
EndProject
Project("{2150E333-8FDC-42A3-9474-1A3956D46DE8}") = "Gateway", "Gateway", "{C89EE436-222A-4150-8435-45DAF40BAA01}"
EndProject
Project("{2150E333-8FDC-42A3-9474-1A3956D46DE8}") = "Integration", "Integration", "{B997D0A0-CA19-4E36-9580-91E39AB05DAC}"
EndProject
Project("{2150E333-8FDC-42A3-9474-1A3956D46DE8}") = "Course Resources", "Course Resources", "{375484E7-0AA5-4CF2-A7FD-9D502D05D145}"
EndProject
Project("{2150E333-8FDC-42A3-9474-1A3956D46DE8}") = "Services", "Services", "{22B26D5A-68A9-4378-A151-3B71FB437071}"
EndProject
Project("{9A19103F-16F7-4668-BE54-9A1E7A4F7556}") = "Mango.Services.CouponAPI", "Mango.Services.CouponAPI\Mango.Services.CouponAPI.csproj", "{55E2C98F-E486-43D0-AE70-E17F2003C310}"
EndProject
Project("{9A19103F-16F7-4668-BE54-9A1E7A4F7556}") = "Mango.Web", "Mango.Web\Mango.Web.csproj", "{AE4CF8AC-2E2B-4A0E-B5C7-AA7C7B75CC87}"
EndProject
Project("{9A19103F-16F7-4668-BE54-9A1E7A4F7556}") = "Mango.Services.AuthAPI", "Mango.Services.AuthAPI\Mango.Services.AuthAPI.csproj", "{24540DCD-85D4-4192-8344-BD0BAEE61B8E}"
EndProject
Project("{9A19103F-16F7-4668-BE54-9A1E7A4F7556}") = "Mango.Services.ProductAPI", "Mango.Services.ProductAPI\Mango.Services.ProductAPI.csproj", "{B8D426BC-1690-4319-8934-C4B9D8EEAD37}"
EndProject
Project("{9A19103F-16F7-4668-BE54-9A1E7A4F7556}") = "Mango.Services.ShoppingCartAPI", "Mango.Services.ShoppingCartAPI\Mango.Services.ShoppingCartAPI.csproj", "{45C5CA10-5280-4978-86B5-C05BC447B677}"
EndProject
Project("{9A19103F-16F7-4668-BE54-9A1E7A4F7556}") = "Mango.MessageBus", "Mango.MessageBus\Mango.MessageBus.csproj", "{24DE3382-4310-446E-B7E6-5236B4605AA6}"
EndProject
Project("{9A19103F-16F7-4668-BE54-9A1E7A4F7556}") = "Mango.Services.EmailAPI", "Mango.Services.EmailAPI\Mango.Services.EmailAPI.csproj", "{7EF25B02-684C-4A18-8D37-070460DA8D90}"
EndProject
Project("{9A19103F-16F7-4668-BE54-9A1E7A4F7556}") = "Mango.Services.OrderAPI", "Mango.Services.OrderAPI\Mango.Services.OrderAPI.csproj", "{41396FBD-450B-467C-AA28-F0354B591E34}"
EndProject
Project("{9A19103F-16F7-4668-BE54-9A1E7A4F7556}") = "Mango.Services.RewardAPI", "Mango.Services.RewardAPI\Mango.Services.RewardAPI.csproj", "{07756F33-598E-40F0-90BD-C12D953AAD74}"
EndProject
Project("{FAE04EC0-301F-11D3-BF4B-00C04F79EFBC}") = "Mango.GatewaySolution", "Mango.GatewaySolution\Mango.GatewaySolution.csproj", "{9F925ED2-B5BE-4175-8E0D-D3A0BE78D45F}"
EndProject
Global
	GlobalSection(SolutionConfigurationPlatforms) = preSolution
		Debug|Any CPU = Debug|Any CPU
		Release|Any CPU = Release|Any CPU
	EndGlobalSection
	GlobalSection(ProjectConfigurationPlatforms) = postSolution
		{55E2C98F-E486-43D0-AE70-E17F2003C310}.Debug|Any CPU.ActiveCfg = Debug|Any CPU
		{55E2C98F-E486-43D0-AE70-E17F2003C310}.Debug|Any CPU.Build.0 = Debug|Any CPU
		{55E2C98F-E486-43D0-AE70-E17F2003C310}.Release|Any CPU.ActiveCfg = Release|Any CPU
		{55E2C98F-E486-43D0-AE70-E17F2003C310}.Release|Any CPU.Build.0 = Release|Any CPU
		{AE4CF8AC-2E2B-4A0E-B5C7-AA7C7B75CC87}.Debug|Any CPU.ActiveCfg = Debug|Any CPU
		{AE4CF8AC-2E2B-4A0E-B5C7-AA7C7B75CC87}.Debug|Any CPU.Build.0 = Debug|Any CPU
		{AE4CF8AC-2E2B-4A0E-B5C7-AA7C7B75CC87}.Release|Any CPU.ActiveCfg = Release|Any CPU
		{AE4CF8AC-2E2B-4A0E-B5C7-AA7C7B75CC87}.Release|Any CPU.Build.0 = Release|Any CPU
		{24540DCD-85D4-4192-8344-BD0BAEE61B8E}.Debug|Any CPU.ActiveCfg = Debug|Any CPU
		{24540DCD-85D4-4192-8344-BD0BAEE61B8E}.Debug|Any CPU.Build.0 = Debug|Any CPU
		{24540DCD-85D4-4192-8344-BD0BAEE61B8E}.Release|Any CPU.ActiveCfg = Release|Any CPU
		{24540DCD-85D4-4192-8344-BD0BAEE61B8E}.Release|Any CPU.Build.0 = Release|Any CPU
		{B8D426BC-1690-4319-8934-C4B9D8EEAD37}.Debug|Any CPU.ActiveCfg = Debug|Any CPU
		{B8D426BC-1690-4319-8934-C4B9D8EEAD37}.Debug|Any CPU.Build.0 = Debug|Any CPU
		{B8D426BC-1690-4319-8934-C4B9D8EEAD37}.Release|Any CPU.ActiveCfg = Release|Any CPU
		{B8D426BC-1690-4319-8934-C4B9D8EEAD37}.Release|Any CPU.Build.0 = Release|Any CPU
		{45C5CA10-5280-4978-86B5-C05BC447B677}.Debug|Any CPU.ActiveCfg = Debug|Any CPU
		{45C5CA10-5280-4978-86B5-C05BC447B677}.Debug|Any CPU.Build.0 = Debug|Any CPU
		{45C5CA10-5280-4978-86B5-C05BC447B677}.Release|Any CPU.ActiveCfg = Release|Any CPU
		{45C5CA10-5280-4978-86B5-C05BC447B677}.Release|Any CPU.Build.0 = Release|Any CPU
		{24DE3382-4310-446E-B7E6-5236B4605AA6}.Debug|Any CPU.ActiveCfg = Debug|Any CPU
		{24DE3382-4310-446E-B7E6-5236B4605AA6}.Debug|Any CPU.Build.0 = Debug|Any CPU
		{24DE3382-4310-446E-B7E6-5236B4605AA6}.Release|Any CPU.ActiveCfg = Release|Any CPU
		{24DE3382-4310-446E-B7E6-5236B4605AA6}.Release|Any CPU.Build.0 = Release|Any CPU
		{7EF25B02-684C-4A18-8D37-070460DA8D90}.Debug|Any CPU.ActiveCfg = Debug|Any CPU
		{7EF25B02-684C-4A18-8D37-070460DA8D90}.Debug|Any CPU.Build.0 = Debug|Any CPU
		{7EF25B02-684C-4A18-8D37-070460DA8D90}.Release|Any CPU.ActiveCfg = Release|Any CPU
		{7EF25B02-684C-4A18-8D37-070460DA8D90}.Release|Any CPU.Build.0 = Release|Any CPU
		{41396FBD-450B-467C-AA28-F0354B591E34}.Debug|Any CPU.ActiveCfg = Debug|Any CPU
		{41396FBD-450B-467C-AA28-F0354B591E34}.Debug|Any CPU.Build.0 = Debug|Any CPU
		{41396FBD-450B-467C-AA28-F0354B591E34}.Release|Any CPU.ActiveCfg = Release|Any CPU
		{41396FBD-450B-467C-AA28-F0354B591E34}.Release|Any CPU.Build.0 = Release|Any CPU
		{07756F33-598E-40F0-90BD-C12D953AAD74}.Debug|Any CPU.ActiveCfg = Debug|Any CPU
		{07756F33-598E-40F0-90BD-C12D953AAD74}.Debug|Any CPU.Build.0 = Debug|Any CPU
		{07756F33-598E-40F0-90BD-C12D953AAD74}.Release|Any CPU.ActiveCfg = Release|Any CPU
		{07756F33-598E-40F0-90BD-C12D953AAD74}.Release|Any CPU.Build.0 = Release|Any CPU
		{9F925ED2-B5BE-4175-8E0D-D3A0BE78D45F}.Debug|Any CPU.ActiveCfg = Debug|Any CPU
		{9F925ED2-B5BE-4175-8E0D-D3A0BE78D45F}.Debug|Any CPU.Build.0 = Debug|Any CPU
		{9F925ED2-B5BE-4175-8E0D-D3A0BE78D45F}.Release|Any CPU.ActiveCfg = Release|Any CPU
		{9F925ED2-B5BE-4175-8E0D-D3A0BE78D45F}.Release|Any CPU.Build.0 = Release|Any CPU
	EndGlobalSection
	GlobalSection(SolutionProperties) = preSolution
		HideSolutionNode = FALSE
	EndGlobalSection
	GlobalSection(NestedProjects) = preSolution
		{55E2C98F-E486-43D0-AE70-E17F2003C310} = {22B26D5A-68A9-4378-A151-3B71FB437071}
		{AE4CF8AC-2E2B-4A0E-B5C7-AA7C7B75CC87} = {A84294F1-8633-4041-802C-10F5A056BD75}
		{24540DCD-85D4-4192-8344-BD0BAEE61B8E} = {22B26D5A-68A9-4378-A151-3B71FB437071}
		{B8D426BC-1690-4319-8934-C4B9D8EEAD37} = {22B26D5A-68A9-4378-A151-3B71FB437071}
		{45C5CA10-5280-4978-86B5-C05BC447B677} = {22B26D5A-68A9-4378-A151-3B71FB437071}
		{24DE3382-4310-446E-B7E6-5236B4605AA6} = {B997D0A0-CA19-4E36-9580-91E39AB05DAC}
		{7EF25B02-684C-4A18-8D37-070460DA8D90} = {22B26D5A-68A9-4378-A151-3B71FB437071}
		{41396FBD-450B-467C-AA28-F0354B591E34} = {22B26D5A-68A9-4378-A151-3B71FB437071}
		{07756F33-598E-40F0-90BD-C12D953AAD74} = {22B26D5A-68A9-4378-A151-3B71FB437071}
		{9F925ED2-B5BE-4175-8E0D-D3A0BE78D45F} = {C89EE436-222A-4150-8435-45DAF40BAA01}
	EndGlobalSection
	GlobalSection(ExtensibilityGlobals) = postSolution
		SolutionGuid = {83C34CA3-DB0B-4BD3-A0B8-7BB6F899480D}
	EndGlobalSection
EndGlobal
